
Microsoft Visual Studio Solution File, Format Version 12.00
# Visual Studio 15
VisualStudioVersion = 15.0.26730.16
MinimumVisualStudioVersion = 10.0.40219.1
Project("{FAE04EC0-301F-11D3-BF4B-00C04F79EFBC}") = "Troco", "Troco\Troco.csproj", "{C14E0133-C627-4C93-9390-A4E891486454}"
EndProject
Project("{FAE04EC0-301F-11D3-BF4B-00C04F79EFBC}") = "UnitTestCodeDojo", "UnitTestCodeDojo\UnitTestCodeDojo.csproj", "{0B3B44DB-86CC-4309-B23C-0851D070E3ED}"
EndProject
Global
	GlobalSection(SolutionConfigurationPlatforms) = preSolution
		Debug|Any CPU = Debug|Any CPU
		Release|Any CPU = Release|Any CPU
	EndGlobalSection
	GlobalSection(ProjectConfigurationPlatforms) = postSolution
		{C14E0133-C627-4C93-9390-A4E891486454}.Debug|Any CPU.ActiveCfg = Debug|Any CPU
		{C14E0133-C627-4C93-9390-A4E891486454}.Debug|Any CPU.Build.0 = Debug|Any CPU
		{C14E0133-C627-4C93-9390-A4E891486454}.Release|Any CPU.ActiveCfg = Release|Any CPU
		{C14E0133-C627-4C93-9390-A4E891486454}.Release|Any CPU.Build.0 = Release|Any CPU
		{0B3B44DB-86CC-4309-B23C-0851D070E3ED}.Debug|Any CPU.ActiveCfg = Debug|Any CPU
		{0B3B44DB-86CC-4309-B23C-0851D070E3ED}.Debug|Any CPU.Build.0 = Debug|Any CPU
		{0B3B44DB-86CC-4309-B23C-0851D070E3ED}.Release|Any CPU.ActiveCfg = Release|Any CPU
		{0B3B44DB-86CC-4309-B23C-0851D070E3ED}.Release|Any CPU.Build.0 = Release|Any CPU
	EndGlobalSection
	GlobalSection(SolutionProperties) = preSolution
		HideSolutionNode = FALSE
	EndGlobalSection
	GlobalSection(ExtensibilityGlobals) = postSolution
		SolutionGuid = {3A0E838C-84EE-4C09-B022-F8255587F01F}
	EndGlobalSection
EndGlobal
